
Microsoft Visual Studio Solution File, Format Version 12.00
# Visual Studio Version 17
VisualStudioVersion = 17.9.34607.119
MinimumVisualStudioVersion = 10.0.40219.1
Project("{9A19103F-16F7-4668-BE54-9A1E7A4F7556}") = "ApiProductos", "ApiProductos\ApiProductos.csproj", "{B059474D-49B0-4B10-9190-4C13785166E5}"
EndProject
Project("{FAE04EC0-301F-11D3-BF4B-00C04F79EFBC}") = "DataAcces", "DataAcces\DataAcces.csproj", "{66E3217B-AB0A-4639-9722-686DF734FB2F}"
EndProject
Global
	GlobalSection(SolutionConfigurationPlatforms) = preSolution
		Debug|Any CPU = Debug|Any CPU
		Release|Any CPU = Release|Any CPU
	EndGlobalSection
	GlobalSection(ProjectConfigurationPlatforms) = postSolution
		{B059474D-49B0-4B10-9190-4C13785166E5}.Debug|Any CPU.ActiveCfg = Debug|Any CPU
		{B059474D-49B0-4B10-9190-4C13785166E5}.Debug|Any CPU.Build.0 = Debug|Any CPU
		{B059474D-49B0-4B10-9190-4C13785166E5}.Release|Any CPU.ActiveCfg = Release|Any CPU
		{B059474D-49B0-4B10-9190-4C13785166E5}.Release|Any CPU.Build.0 = Release|Any CPU
		{66E3217B-AB0A-4639-9722-686DF734FB2F}.Debug|Any CPU.ActiveCfg = Debug|Any CPU
		{66E3217B-AB0A-4639-9722-686DF734FB2F}.Debug|Any CPU.Build.0 = Debug|Any CPU
		{66E3217B-AB0A-4639-9722-686DF734FB2F}.Release|Any CPU.ActiveCfg = Release|Any CPU
		{66E3217B-AB0A-4639-9722-686DF734FB2F}.Release|Any CPU.Build.0 = Release|Any CPU
	EndGlobalSection
	GlobalSection(SolutionProperties) = preSolution
		HideSolutionNode = FALSE
	EndGlobalSection
	GlobalSection(ExtensibilityGlobals) = postSolution
		SolutionGuid = {88848382-95DE-418B-A655-F4074CBF92CB}
	EndGlobalSection
EndGlobal
